
Microsoft Visual Studio Solution File, Format Version 9.00
# Visual Studio 2005
Project("{8BC9CEB8-8B4A-11D0-8D11-00A0C91BC942}") = "G5ASAMD21", "G5ASAMD21.vcproj", "{B714AF8F-1374-43D4-8707-4BCD54E9D858}"
EndProject
Project("{8BC9CEB8-8B4A-11D0-8D11-00A0C91BC942}") = "libs", "libs\libs.vcproj", "{99CCCC0B-644E-40EA-A988-F19FF1D9979D}"
EndProject
Global
	GlobalSection(SolutionConfigurationPlatforms) = preSolution
		Debug|Win32 = Debug|Win32
		Release|Win32 = Release|Win32
		Win32_Debug|Win32 = Win32_Debug|Win32
	EndGlobalSection
	GlobalSection(ProjectConfigurationPlatforms) = postSolution
		{B714AF8F-1374-43D4-8707-4BCD54E9D858}.Debug|Win32.ActiveCfg = Debug|Win32
		{B714AF8F-1374-43D4-8707-4BCD54E9D858}.Debug|Win32.Build.0 = Debug|Win32
		{B714AF8F-1374-43D4-8707-4BCD54E9D858}.Release|Win32.ActiveCfg = Release|Win32
		{B714AF8F-1374-43D4-8707-4BCD54E9D858}.Release|Win32.Build.0 = Release|Win32
		{B714AF8F-1374-43D4-8707-4BCD54E9D858}.Win32_Debug|Win32.ActiveCfg = Win32_Debug|Win32
		{B714AF8F-1374-43D4-8707-4BCD54E9D858}.Win32_Debug|Win32.Build.0 = Win32_Debug|Win32
		{99CCCC0B-644E-40EA-A988-F19FF1D9979D}.Debug|Win32.ActiveCfg = Debug|Win32
		{99CCCC0B-644E-40EA-A988-F19FF1D9979D}.Debug|Win32.Build.0 = Debug|Win32
		{99CCCC0B-644E-40EA-A988-F19FF1D9979D}.Release|Win32.ActiveCfg = Release|Win32
		{99CCCC0B-644E-40EA-A988-F19FF1D9979D}.Release|Win32.Build.0 = Release|Win32
		{99CCCC0B-644E-40EA-A988-F19FF1D9979D}.Win32_Debug|Win32.ActiveCfg = Win32_Debug|Win32
		{99CCCC0B-644E-40EA-A988-F19FF1D9979D}.Win32_Debug|Win32.Build.0 = Win32_Debug|Win32
	EndGlobalSection
	GlobalSection(SolutionProperties) = preSolution
		HideSolutionNode = FALSE
	EndGlobalSection
EndGlobal
